
Microsoft Visual Studio Solution File, Format Version 12.00
# Visual Studio Version 17
VisualStudioVersion = 17.3.32922.545
MinimumVisualStudioVersion = 10.0.40219.1
Project("{FAE04EC0-301F-11D3-BF4B-00C04F79EFBC}") = "Shivers Randomizer_x64", "Shivers Randomizer_x64\Shivers Randomizer_x64.csproj", "{6E6A846D-8AAC-4F19-B2C5-B1BED3D71F3F}"
EndProject
Project("{FAE04EC0-301F-11D3-BF4B-00C04F79EFBC}") = "Shivers Multiplayer Server", "Shivers Multiplayer Server\Shivers Multiplayer Server.csproj", "{1D5F2AC2-6C44-48BB-965D-1D412AD4EBEB}"
EndProject
Global
	GlobalSection(SolutionConfigurationPlatforms) = preSolution
		Debug|Any CPU = Debug|Any CPU
		Debug|x64 = Debug|x64
		Debug|x86 = Debug|x86
		Release|Any CPU = Release|Any CPU
		Release|x64 = Release|x64
		Release|x86 = Release|x86
	EndGlobalSection
	GlobalSection(ProjectConfigurationPlatforms) = postSolution
		{6E6A846D-8AAC-4F19-B2C5-B1BED3D71F3F}.Debug|Any CPU.ActiveCfg = Debug|Any CPU
		{6E6A846D-8AAC-4F19-B2C5-B1BED3D71F3F}.Debug|Any CPU.Build.0 = Debug|Any CPU
		{6E6A846D-8AAC-4F19-B2C5-B1BED3D71F3F}.Debug|x64.ActiveCfg = Debug|Any CPU
		{6E6A846D-8AAC-4F19-B2C5-B1BED3D71F3F}.Debug|x64.Build.0 = Debug|Any CPU
		{6E6A846D-8AAC-4F19-B2C5-B1BED3D71F3F}.Debug|x86.ActiveCfg = Debug|Any CPU
		{6E6A846D-8AAC-4F19-B2C5-B1BED3D71F3F}.Debug|x86.Build.0 = Debug|Any CPU
		{6E6A846D-8AAC-4F19-B2C5-B1BED3D71F3F}.Release|Any CPU.ActiveCfg = Release|Any CPU
		{6E6A846D-8AAC-4F19-B2C5-B1BED3D71F3F}.Release|Any CPU.Build.0 = Release|Any CPU
		{6E6A846D-8AAC-4F19-B2C5-B1BED3D71F3F}.Release|x64.ActiveCfg = Release|Any CPU
		{6E6A846D-8AAC-4F19-B2C5-B1BED3D71F3F}.Release|x64.Build.0 = Release|Any CPU
		{6E6A846D-8AAC-4F19-B2C5-B1BED3D71F3F}.Release|x86.ActiveCfg = Release|Any CPU
		{6E6A846D-8AAC-4F19-B2C5-B1BED3D71F3F}.Release|x86.Build.0 = Release|Any CPU
		{1D5F2AC2-6C44-48BB-965D-1D412AD4EBEB}.Debug|Any CPU.ActiveCfg = Debug|Any CPU
		{1D5F2AC2-6C44-48BB-965D-1D412AD4EBEB}.Debug|Any CPU.Build.0 = Debug|Any CPU
		{1D5F2AC2-6C44-48BB-965D-1D412AD4EBEB}.Debug|x64.ActiveCfg = Debug|Any CPU
		{1D5F2AC2-6C44-48BB-965D-1D412AD4EBEB}.Debug|x64.Build.0 = Debug|Any CPU
		{1D5F2AC2-6C44-48BB-965D-1D412AD4EBEB}.Debug|x86.ActiveCfg = Debug|Any CPU
		{1D5F2AC2-6C44-48BB-965D-1D412AD4EBEB}.Debug|x86.Build.0 = Debug|Any CPU
		{1D5F2AC2-6C44-48BB-965D-1D412AD4EBEB}.Release|Any CPU.ActiveCfg = Release|Any CPU
		{1D5F2AC2-6C44-48BB-965D-1D412AD4EBEB}.Release|Any CPU.Build.0 = Release|Any CPU
		{1D5F2AC2-6C44-48BB-965D-1D412AD4EBEB}.Release|x64.ActiveCfg = Release|Any CPU
		{1D5F2AC2-6C44-48BB-965D-1D412AD4EBEB}.Release|x64.Build.0 = Release|Any CPU
		{1D5F2AC2-6C44-48BB-965D-1D412AD4EBEB}.Release|x86.ActiveCfg = Release|Any CPU
		{1D5F2AC2-6C44-48BB-965D-1D412AD4EBEB}.Release|x86.Build.0 = Release|Any CPU
	EndGlobalSection
	GlobalSection(SolutionProperties) = preSolution
		HideSolutionNode = FALSE
	EndGlobalSection
	GlobalSection(ExtensibilityGlobals) = postSolution
		SolutionGuid = {6776BBC2-4F5C-45CF-A88C-84A70F8BC0BD}
	EndGlobalSection
EndGlobal
